
Microsoft Visual Studio Solution File, Format Version 12.00
# Visual Studio 2015
Project("{FAE04EC0-301F-11D3-BF4B-00C04F79EFBC}") = "Unity_Musiland.Plugins", "Unity_Musiland.Plugins.csproj", "{2700F02E-08EA-C399-794B-0D4470730B5D}"
EndProject
Project("{FAE04EC0-301F-11D3-BF4B-00C04F79EFBC}") = "Unity_Musiland", "Unity_Musiland.csproj", "{74956CC7-0FF2-CBCE-338A-AEFB0DD95290}"
EndProject
Project("{FAE04EC0-301F-11D3-BF4B-00C04F79EFBC}") = "Unity_Musiland.Editor.Plugins", "Unity_Musiland.Editor.Plugins.csproj", "{AD1A0E04-3F32-1004-1FCA-3A6D9EEC801A}"
EndProject
Global
	GlobalSection(SolutionConfigurationPlatforms) = preSolution
		Debug|Any CPU = Debug|Any CPU
		Release|Any CPU = Release|Any CPU
	EndGlobalSection
	GlobalSection(ProjectConfigurationPlatforms) = postSolution
		{2700F02E-08EA-C399-794B-0D4470730B5D}.Debug|Any CPU.ActiveCfg = Debug|Any CPU
		{2700F02E-08EA-C399-794B-0D4470730B5D}.Debug|Any CPU.Build.0 = Debug|Any CPU
		{2700F02E-08EA-C399-794B-0D4470730B5D}.Release|Any CPU.ActiveCfg = Release|Any CPU
		{2700F02E-08EA-C399-794B-0D4470730B5D}.Release|Any CPU.Build.0 = Release|Any CPU
		{74956CC7-0FF2-CBCE-338A-AEFB0DD95290}.Debug|Any CPU.ActiveCfg = Debug|Any CPU
		{74956CC7-0FF2-CBCE-338A-AEFB0DD95290}.Debug|Any CPU.Build.0 = Debug|Any CPU
		{74956CC7-0FF2-CBCE-338A-AEFB0DD95290}.Release|Any CPU.ActiveCfg = Release|Any CPU
		{74956CC7-0FF2-CBCE-338A-AEFB0DD95290}.Release|Any CPU.Build.0 = Release|Any CPU
		{AD1A0E04-3F32-1004-1FCA-3A6D9EEC801A}.Debug|Any CPU.ActiveCfg = Debug|Any CPU
		{AD1A0E04-3F32-1004-1FCA-3A6D9EEC801A}.Debug|Any CPU.Build.0 = Debug|Any CPU
		{AD1A0E04-3F32-1004-1FCA-3A6D9EEC801A}.Release|Any CPU.ActiveCfg = Release|Any CPU
		{AD1A0E04-3F32-1004-1FCA-3A6D9EEC801A}.Release|Any CPU.Build.0 = Release|Any CPU
	EndGlobalSection
	GlobalSection(SolutionProperties) = preSolution
		HideSolutionNode = FALSE
	EndGlobalSection
EndGlobal
